
Microsoft Visual Studio Solution File, Format Version 12.00
# Visual Studio Express 2013 for Windows Desktop
VisualStudioVersion = 12.0.31101.0
MinimumVisualStudioVersion = 10.0.40219.1
Project("{8BC9CEB8-8B4A-11D0-8D11-00A0C91BC942}") = "LinkedList", "LinkedList\LinkedList.vcxproj", "{B4E4BBB3-75E1-4E6C-9D3E-CE751EF3784D}"
EndProject
Project("{8BC9CEB8-8B4A-11D0-8D11-00A0C91BC942}") = "UnitTestLinkedList", "UnitTestLinkedList\UnitTestLinkedList.vcxproj", "{79E5E35F-2EDF-4C7B-8A03-7B0511DA3F37}"
EndProject
Project("{8BC9CEB8-8B4A-11D0-8D11-00A0C91BC942}") = "UnitTestDList", "UnitTestDList\UnitTestDList.vcxproj", "{6ED4CE90-F24C-43D9-B154-FB7AD28D8D93}"
EndProject
Project("{8BC9CEB8-8B4A-11D0-8D11-00A0C91BC942}") = "UnitTestDynArray", "UnitTestDynArray\UnitTestDynArray.vcxproj", "{34351624-798B-4159-B6AF-70FFA92BBA24}"
EndProject
Global
	GlobalSection(SolutionConfigurationPlatforms) = preSolution
		Debug|Win32 = Debug|Win32
		Release|Win32 = Release|Win32
	EndGlobalSection
	GlobalSection(ProjectConfigurationPlatforms) = postSolution
		{B4E4BBB3-75E1-4E6C-9D3E-CE751EF3784D}.Debug|Win32.ActiveCfg = Debug|Win32
		{B4E4BBB3-75E1-4E6C-9D3E-CE751EF3784D}.Debug|Win32.Build.0 = Debug|Win32
		{B4E4BBB3-75E1-4E6C-9D3E-CE751EF3784D}.Release|Win32.ActiveCfg = Release|Win32
		{B4E4BBB3-75E1-4E6C-9D3E-CE751EF3784D}.Release|Win32.Build.0 = Release|Win32
		{79E5E35F-2EDF-4C7B-8A03-7B0511DA3F37}.Debug|Win32.ActiveCfg = Debug|Win32
		{79E5E35F-2EDF-4C7B-8A03-7B0511DA3F37}.Debug|Win32.Build.0 = Debug|Win32
		{79E5E35F-2EDF-4C7B-8A03-7B0511DA3F37}.Release|Win32.ActiveCfg = Release|Win32
		{79E5E35F-2EDF-4C7B-8A03-7B0511DA3F37}.Release|Win32.Build.0 = Release|Win32
		{6ED4CE90-F24C-43D9-B154-FB7AD28D8D93}.Debug|Win32.ActiveCfg = Debug|Win32
		{6ED4CE90-F24C-43D9-B154-FB7AD28D8D93}.Debug|Win32.Build.0 = Debug|Win32
		{6ED4CE90-F24C-43D9-B154-FB7AD28D8D93}.Release|Win32.ActiveCfg = Release|Win32
		{6ED4CE90-F24C-43D9-B154-FB7AD28D8D93}.Release|Win32.Build.0 = Release|Win32
		{34351624-798B-4159-B6AF-70FFA92BBA24}.Debug|Win32.ActiveCfg = Debug|Win32
		{34351624-798B-4159-B6AF-70FFA92BBA24}.Debug|Win32.Build.0 = Debug|Win32
		{34351624-798B-4159-B6AF-70FFA92BBA24}.Release|Win32.ActiveCfg = Release|Win32
		{34351624-798B-4159-B6AF-70FFA92BBA24}.Release|Win32.Build.0 = Release|Win32
	EndGlobalSection
	GlobalSection(SolutionProperties) = preSolution
		HideSolutionNode = FALSE
	EndGlobalSection
EndGlobal
